
Microsoft Visual Studio Solution File, Format Version 12.00
# Visual Studio 15
VisualStudioVersion = 15.0.28307.1525
MinimumVisualStudioVersion = 10.0.40219.1
Project("{FAE04EC0-301F-11D3-BF4B-00C04F79EFBC}") = "FruitLoop1", "CSF1Homework\FruitLoop1.csproj", "{289B552B-B122-4FAD-BB82-738B9FD58C9E}"
EndProject
Project("{FAE04EC0-301F-11D3-BF4B-00C04F79EFBC}") = "FruitLoop2", "FruitLoop2\FruitLoop2.csproj", "{4C53C576-F8D6-4533-852A-61A1798B2144}"
EndProject
Project("{FAE04EC0-301F-11D3-BF4B-00C04F79EFBC}") = "MadLib", "MadLib\MadLib.csproj", "{22C69593-D615-4A46-B2C1-149B915B63B3}"
EndProject
Project("{FAE04EC0-301F-11D3-BF4B-00C04F79EFBC}") = "TemperatureConverter", "TemperatureConverter\TemperatureConverter.csproj", "{A113328B-369D-4F1F-9AC2-E21F05064734}"
EndProject
Project("{FAE04EC0-301F-11D3-BF4B-00C04F79EFBC}") = "Login", "Login\Login.csproj", "{87429D95-E2B4-46AC-8434-467D283CF643}"
EndProject
Project("{FAE04EC0-301F-11D3-BF4B-00C04F79EFBC}") = "ATMApplication", "ATMApplication\ATMApplication.csproj", "{49FBBF3E-85EF-4251-927A-9546923F6C84}"
EndProject
Project("{FAE04EC0-301F-11D3-BF4B-00C04F79EFBC}") = "Powers", "Powers\Powers.csproj", "{11A426FD-90A9-463B-ADAA-3A6E110C37DF}"
EndProject
Project("{FAE04EC0-301F-11D3-BF4B-00C04F79EFBC}") = "Grades", "Grades\Grades.csproj", "{07491C6F-7E4A-4996-A400-20F58D2D2B38}"
EndProject
Project("{FAE04EC0-301F-11D3-BF4B-00C04F79EFBC}") = "InterestCalculator", "InterestCalculator\InterestCalculator.csproj", "{B26B4A4F-AF73-4766-9F64-AC571C96CAB7}"
EndProject
Project("{FAE04EC0-301F-11D3-BF4B-00C04F79EFBC}") = "FizzBuzz", "FizzBuzz\FizzBuzz.csproj", "{FA948ECB-ADEC-418C-9D8E-2FD8B6F1AE3E}"
EndProject
Global
	GlobalSection(SolutionConfigurationPlatforms) = preSolution
		Debug|Any CPU = Debug|Any CPU
		Release|Any CPU = Release|Any CPU
	EndGlobalSection
	GlobalSection(ProjectConfigurationPlatforms) = postSolution
		{289B552B-B122-4FAD-BB82-738B9FD58C9E}.Debug|Any CPU.ActiveCfg = Debug|Any CPU
		{289B552B-B122-4FAD-BB82-738B9FD58C9E}.Debug|Any CPU.Build.0 = Debug|Any CPU
		{289B552B-B122-4FAD-BB82-738B9FD58C9E}.Release|Any CPU.ActiveCfg = Release|Any CPU
		{289B552B-B122-4FAD-BB82-738B9FD58C9E}.Release|Any CPU.Build.0 = Release|Any CPU
		{4C53C576-F8D6-4533-852A-61A1798B2144}.Debug|Any CPU.ActiveCfg = Debug|Any CPU
		{4C53C576-F8D6-4533-852A-61A1798B2144}.Debug|Any CPU.Build.0 = Debug|Any CPU
		{4C53C576-F8D6-4533-852A-61A1798B2144}.Release|Any CPU.ActiveCfg = Release|Any CPU
		{4C53C576-F8D6-4533-852A-61A1798B2144}.Release|Any CPU.Build.0 = Release|Any CPU
		{22C69593-D615-4A46-B2C1-149B915B63B3}.Debug|Any CPU.ActiveCfg = Debug|Any CPU
		{22C69593-D615-4A46-B2C1-149B915B63B3}.Debug|Any CPU.Build.0 = Debug|Any CPU
		{22C69593-D615-4A46-B2C1-149B915B63B3}.Release|Any CPU.ActiveCfg = Release|Any CPU
		{22C69593-D615-4A46-B2C1-149B915B63B3}.Release|Any CPU.Build.0 = Release|Any CPU
		{A113328B-369D-4F1F-9AC2-E21F05064734}.Debug|Any CPU.ActiveCfg = Debug|Any CPU
		{A113328B-369D-4F1F-9AC2-E21F05064734}.Debug|Any CPU.Build.0 = Debug|Any CPU
		{A113328B-369D-4F1F-9AC2-E21F05064734}.Release|Any CPU.ActiveCfg = Release|Any CPU
		{A113328B-369D-4F1F-9AC2-E21F05064734}.Release|Any CPU.Build.0 = Release|Any CPU
		{87429D95-E2B4-46AC-8434-467D283CF643}.Debug|Any CPU.ActiveCfg = Debug|Any CPU
		{87429D95-E2B4-46AC-8434-467D283CF643}.Debug|Any CPU.Build.0 = Debug|Any CPU
		{87429D95-E2B4-46AC-8434-467D283CF643}.Release|Any CPU.ActiveCfg = Release|Any CPU
		{87429D95-E2B4-46AC-8434-467D283CF643}.Release|Any CPU.Build.0 = Release|Any CPU
		{49FBBF3E-85EF-4251-927A-9546923F6C84}.Debug|Any CPU.ActiveCfg = Debug|Any CPU
		{49FBBF3E-85EF-4251-927A-9546923F6C84}.Debug|Any CPU.Build.0 = Debug|Any CPU
		{49FBBF3E-85EF-4251-927A-9546923F6C84}.Release|Any CPU.ActiveCfg = Release|Any CPU
		{49FBBF3E-85EF-4251-927A-9546923F6C84}.Release|Any CPU.Build.0 = Release|Any CPU
		{11A426FD-90A9-463B-ADAA-3A6E110C37DF}.Debug|Any CPU.ActiveCfg = Debug|Any CPU
		{11A426FD-90A9-463B-ADAA-3A6E110C37DF}.Debug|Any CPU.Build.0 = Debug|Any CPU
		{11A426FD-90A9-463B-ADAA-3A6E110C37DF}.Release|Any CPU.ActiveCfg = Release|Any CPU
		{11A426FD-90A9-463B-ADAA-3A6E110C37DF}.Release|Any CPU.Build.0 = Release|Any CPU
		{07491C6F-7E4A-4996-A400-20F58D2D2B38}.Debug|Any CPU.ActiveCfg = Debug|Any CPU
		{07491C6F-7E4A-4996-A400-20F58D2D2B38}.Debug|Any CPU.Build.0 = Debug|Any CPU
		{07491C6F-7E4A-4996-A400-20F58D2D2B38}.Release|Any CPU.ActiveCfg = Release|Any CPU
		{07491C6F-7E4A-4996-A400-20F58D2D2B38}.Release|Any CPU.Build.0 = Release|Any CPU
		{B26B4A4F-AF73-4766-9F64-AC571C96CAB7}.Debug|Any CPU.ActiveCfg = Debug|Any CPU
		{B26B4A4F-AF73-4766-9F64-AC571C96CAB7}.Debug|Any CPU.Build.0 = Debug|Any CPU
		{B26B4A4F-AF73-4766-9F64-AC571C96CAB7}.Release|Any CPU.ActiveCfg = Release|Any CPU
		{B26B4A4F-AF73-4766-9F64-AC571C96CAB7}.Release|Any CPU.Build.0 = Release|Any CPU
		{FA948ECB-ADEC-418C-9D8E-2FD8B6F1AE3E}.Debug|Any CPU.ActiveCfg = Debug|Any CPU
		{FA948ECB-ADEC-418C-9D8E-2FD8B6F1AE3E}.Debug|Any CPU.Build.0 = Debug|Any CPU
		{FA948ECB-ADEC-418C-9D8E-2FD8B6F1AE3E}.Release|Any CPU.ActiveCfg = Release|Any CPU
		{FA948ECB-ADEC-418C-9D8E-2FD8B6F1AE3E}.Release|Any CPU.Build.0 = Release|Any CPU
	EndGlobalSection
	GlobalSection(SolutionProperties) = preSolution
		HideSolutionNode = FALSE
	EndGlobalSection
	GlobalSection(ExtensibilityGlobals) = postSolution
		SolutionGuid = {F7AAE699-220B-4FCA-A4AC-72DE3C4FFD5D}
	EndGlobalSection
EndGlobal
